
Microsoft Visual Studio Solution File, Format Version 12.00
# Visual Studio Version 16
VisualStudioVersion = 16.0.29806.167
MinimumVisualStudioVersion = 10.0.40219.1
Project("{FAE04EC0-301F-11D3-BF4B-00C04F79EFBC}") = "EasyWatermark", "EasyWatermark\EasyWatermark.csproj", "{AD95B5E5-A949-4AE6-B1CA-46D1877A582A}"
EndProject
Global
	GlobalSection(SolutionConfigurationPlatforms) = preSolution
		Debug|Any CPU = Debug|Any CPU
		Release|Any CPU = Release|Any CPU
	EndGlobalSection
	GlobalSection(ProjectConfigurationPlatforms) = postSolution
		{AD95B5E5-A949-4AE6-B1CA-46D1877A582A}.Debug|Any CPU.ActiveCfg = Debug|Any CPU
		{AD95B5E5-A949-4AE6-B1CA-46D1877A582A}.Debug|Any CPU.Build.0 = Debug|Any CPU
		{AD95B5E5-A949-4AE6-B1CA-46D1877A582A}.Release|Any CPU.ActiveCfg = Release|Any CPU
		{AD95B5E5-A949-4AE6-B1CA-46D1877A582A}.Release|Any CPU.Build.0 = Release|Any CPU
	EndGlobalSection
	GlobalSection(SolutionProperties) = preSolution
		HideSolutionNode = FALSE
	EndGlobalSection
	GlobalSection(ExtensibilityGlobals) = postSolution
		SolutionGuid = {B971C684-4A0A-4BEC-AE2C-74A853C5CCFF}
	EndGlobalSection
EndGlobal
